
Microsoft Visual Studio Solution File, Format Version 12.00
# Visual Studio Version 17
VisualStudioVersion = 17.14.36511.14
MinimumVisualStudioVersion = 10.0.40219.1
Project("{FAE04EC0-301F-11D3-BF4B-00C04F79EFBC}") = "WebApplication2", "WebApplication2\WebApplication2.csproj", "{0E2D1092-B419-4F81-B58C-291A91E116CD}"
EndProject
Project("{FAE04EC0-301F-11D3-BF4B-00C04F79EFBC}") = "Negocio", "..\..\Repositorio\programacion\Negocio\Negocio.csproj", "{B1A7C884-9E06-4064-A009-715838223C4C}"
EndProject
Project("{FAE04EC0-301F-11D3-BF4B-00C04F79EFBC}") = "Dominio", "..\..\Repositorio\programacion\Dominio\Dominio.csproj", "{1D06D5C3-1106-4AD0-B4EE-EEC11FC7CB6F}"
EndProject
Global
	GlobalSection(SolutionConfigurationPlatforms) = preSolution
		Debug|Any CPU = Debug|Any CPU
		Release|Any CPU = Release|Any CPU
	EndGlobalSection
	GlobalSection(ProjectConfigurationPlatforms) = postSolution
		{0E2D1092-B419-4F81-B58C-291A91E116CD}.Debug|Any CPU.ActiveCfg = Debug|Any CPU
		{0E2D1092-B419-4F81-B58C-291A91E116CD}.Debug|Any CPU.Build.0 = Debug|Any CPU
		{0E2D1092-B419-4F81-B58C-291A91E116CD}.Release|Any CPU.ActiveCfg = Release|Any CPU
		{0E2D1092-B419-4F81-B58C-291A91E116CD}.Release|Any CPU.Build.0 = Release|Any CPU
		{B1A7C884-9E06-4064-A009-715838223C4C}.Debug|Any CPU.ActiveCfg = Debug|Any CPU
		{B1A7C884-9E06-4064-A009-715838223C4C}.Debug|Any CPU.Build.0 = Debug|Any CPU
		{B1A7C884-9E06-4064-A009-715838223C4C}.Release|Any CPU.ActiveCfg = Release|Any CPU
		{B1A7C884-9E06-4064-A009-715838223C4C}.Release|Any CPU.Build.0 = Release|Any CPU
		{1D06D5C3-1106-4AD0-B4EE-EEC11FC7CB6F}.Debug|Any CPU.ActiveCfg = Debug|Any CPU
		{1D06D5C3-1106-4AD0-B4EE-EEC11FC7CB6F}.Debug|Any CPU.Build.0 = Debug|Any CPU
		{1D06D5C3-1106-4AD0-B4EE-EEC11FC7CB6F}.Release|Any CPU.ActiveCfg = Release|Any CPU
		{1D06D5C3-1106-4AD0-B4EE-EEC11FC7CB6F}.Release|Any CPU.Build.0 = Release|Any CPU
	EndGlobalSection
	GlobalSection(SolutionProperties) = preSolution
		HideSolutionNode = FALSE
	EndGlobalSection
	GlobalSection(ExtensibilityGlobals) = postSolution
		SolutionGuid = {69ECA65D-7EE8-43BE-9275-ADC9B15D5FB4}
	EndGlobalSection
EndGlobal
